
Microsoft Visual Studio Solution File, Format Version 12.00
# Visual Studio 14
VisualStudioVersion = 14.0.25420.1
MinimumVisualStudioVersion = 10.0.40219.1
Project("{FAE04EC0-301F-11D3-BF4B-00C04F79EFBC}") = "gzWeb", "gzWeb\gzWeb.csproj", "{6459A7AB-F7C0-49E6-A099-2A3DEE11A255}"
EndProject
Project("{FAE04EC0-301F-11D3-BF4B-00C04F79EFBC}") = "gzWeb.Tests", "gzWeb.Tests\gzWeb.Tests.csproj", "{719E70BB-8D47-4509-AC17-1D3D6CDEA9D3}"
EndProject
Project("{2150E333-8FDC-42A3-9474-1A3956D46DE8}") = "PublishScripts", "PublishScripts", "{174FB6C3-A291-49D2-ADE1-24E061508652}"
EndProject
Project("{2150E333-8FDC-42A3-9474-1A3956D46DE8}") = "Scripts", "Scripts", "{9227FDB5-84E4-4CFB-92C3-A491ED07A155}"
EndProject
Project("{2150E333-8FDC-42A3-9474-1A3956D46DE8}") = "Templates", "Templates", "{9CBB63FD-9405-4DA4-A1A2-6A210D137DD0}"
	ProjectSection(SolutionItems) = preProject
		PublishScripts\Templates\gzWeb.json = PublishScripts\Templates\gzWeb.json
		PublishScripts\Templates\gzWeb.param.dev.json = PublishScripts\Templates\gzWeb.param.dev.json
	EndProjectSection
EndProject
Project("{FAE04EC0-301F-11D3-BF4B-00C04F79EFBC}") = "gzDAL", "ModelDAL\gzDAL.csproj", "{78FEA6AE-ABF3-457A-AA85-0904F710488B}"
EndProject
Project("{FAE04EC0-301F-11D3-BF4B-00C04F79EFBC}") = "CustPortfolioCalc", "CustPortfolioCalc\CustPortfolioCalc.csproj", "{BBFFA13F-1F84-4D54-B758-2D19C7AA1ECB}"
EndProject
Project("{FAE04EC0-301F-11D3-BF4B-00C04F79EFBC}") = "CustPortfolioCalcLib", "CustPortfolioCalcLib\CustPortfolioCalcLib.csproj", "{BA006926-CA0A-4F9C-B4F6-675C28621359}"
EndProject
Project("{FAE04EC0-301F-11D3-BF4B-00C04F79EFBC}") = "CustPortfolioCalcTest", "CustPortfolioCalcTest\CustPortfolioCalcTest.csproj", "{3CA71932-D434-4E15-9397-92D65E75FC36}"
EndProject
Global
	GlobalSection(SolutionConfigurationPlatforms) = preSolution
		Debug|Any CPU = Debug|Any CPU
		Development|Any CPU = Development|Any CPU
		Release|Any CPU = Release|Any CPU
	EndGlobalSection
	GlobalSection(ProjectConfigurationPlatforms) = postSolution
		{6459A7AB-F7C0-49E6-A099-2A3DEE11A255}.Debug|Any CPU.ActiveCfg = Debug|Any CPU
		{6459A7AB-F7C0-49E6-A099-2A3DEE11A255}.Debug|Any CPU.Build.0 = Debug|Any CPU
		{6459A7AB-F7C0-49E6-A099-2A3DEE11A255}.Debug|Any CPU.Deploy.0 = Debug|Any CPU
		{6459A7AB-F7C0-49E6-A099-2A3DEE11A255}.Development|Any CPU.ActiveCfg = Debug|Any CPU
		{6459A7AB-F7C0-49E6-A099-2A3DEE11A255}.Development|Any CPU.Build.0 = Debug|Any CPU
		{6459A7AB-F7C0-49E6-A099-2A3DEE11A255}.Release|Any CPU.ActiveCfg = Release|Any CPU
		{6459A7AB-F7C0-49E6-A099-2A3DEE11A255}.Release|Any CPU.Build.0 = Release|Any CPU
		{719E70BB-8D47-4509-AC17-1D3D6CDEA9D3}.Debug|Any CPU.ActiveCfg = Debug|Any CPU
		{719E70BB-8D47-4509-AC17-1D3D6CDEA9D3}.Debug|Any CPU.Build.0 = Debug|Any CPU
		{719E70BB-8D47-4509-AC17-1D3D6CDEA9D3}.Development|Any CPU.ActiveCfg = Debug|Any CPU
		{719E70BB-8D47-4509-AC17-1D3D6CDEA9D3}.Development|Any CPU.Build.0 = Debug|Any CPU
		{719E70BB-8D47-4509-AC17-1D3D6CDEA9D3}.Release|Any CPU.ActiveCfg = Release|Any CPU
		{719E70BB-8D47-4509-AC17-1D3D6CDEA9D3}.Release|Any CPU.Build.0 = Release|Any CPU
		{78FEA6AE-ABF3-457A-AA85-0904F710488B}.Debug|Any CPU.ActiveCfg = Debug|Any CPU
		{78FEA6AE-ABF3-457A-AA85-0904F710488B}.Debug|Any CPU.Build.0 = Debug|Any CPU
		{78FEA6AE-ABF3-457A-AA85-0904F710488B}.Development|Any CPU.ActiveCfg = Debug|Any CPU
		{78FEA6AE-ABF3-457A-AA85-0904F710488B}.Development|Any CPU.Build.0 = Debug|Any CPU
		{78FEA6AE-ABF3-457A-AA85-0904F710488B}.Release|Any CPU.ActiveCfg = Release|Any CPU
		{78FEA6AE-ABF3-457A-AA85-0904F710488B}.Release|Any CPU.Build.0 = Release|Any CPU
		{BBFFA13F-1F84-4D54-B758-2D19C7AA1ECB}.Debug|Any CPU.ActiveCfg = Debug|Any CPU
		{BBFFA13F-1F84-4D54-B758-2D19C7AA1ECB}.Debug|Any CPU.Build.0 = Debug|Any CPU
		{BBFFA13F-1F84-4D54-B758-2D19C7AA1ECB}.Development|Any CPU.ActiveCfg = Debug|Any CPU
		{BBFFA13F-1F84-4D54-B758-2D19C7AA1ECB}.Development|Any CPU.Build.0 = Debug|Any CPU
		{BBFFA13F-1F84-4D54-B758-2D19C7AA1ECB}.Release|Any CPU.ActiveCfg = Release|Any CPU
		{BBFFA13F-1F84-4D54-B758-2D19C7AA1ECB}.Release|Any CPU.Build.0 = Release|Any CPU
		{BA006926-CA0A-4F9C-B4F6-675C28621359}.Debug|Any CPU.ActiveCfg = Debug|Any CPU
		{BA006926-CA0A-4F9C-B4F6-675C28621359}.Debug|Any CPU.Build.0 = Debug|Any CPU
		{BA006926-CA0A-4F9C-B4F6-675C28621359}.Development|Any CPU.ActiveCfg = Debug|Any CPU
		{BA006926-CA0A-4F9C-B4F6-675C28621359}.Development|Any CPU.Build.0 = Debug|Any CPU
		{BA006926-CA0A-4F9C-B4F6-675C28621359}.Release|Any CPU.ActiveCfg = Release|Any CPU
		{BA006926-CA0A-4F9C-B4F6-675C28621359}.Release|Any CPU.Build.0 = Release|Any CPU
		{3CA71932-D434-4E15-9397-92D65E75FC36}.Debug|Any CPU.ActiveCfg = Debug|Any CPU
		{3CA71932-D434-4E15-9397-92D65E75FC36}.Debug|Any CPU.Build.0 = Debug|Any CPU
		{3CA71932-D434-4E15-9397-92D65E75FC36}.Development|Any CPU.ActiveCfg = Debug|Any CPU
		{3CA71932-D434-4E15-9397-92D65E75FC36}.Development|Any CPU.Build.0 = Debug|Any CPU
		{3CA71932-D434-4E15-9397-92D65E75FC36}.Release|Any CPU.ActiveCfg = Release|Any CPU
		{3CA71932-D434-4E15-9397-92D65E75FC36}.Release|Any CPU.Build.0 = Release|Any CPU
	EndGlobalSection
	GlobalSection(SolutionProperties) = preSolution
		HideSolutionNode = FALSE
	EndGlobalSection
	GlobalSection(NestedProjects) = preSolution
		{9227FDB5-84E4-4CFB-92C3-A491ED07A155} = {174FB6C3-A291-49D2-ADE1-24E061508652}
		{9CBB63FD-9405-4DA4-A1A2-6A210D137DD0} = {174FB6C3-A291-49D2-ADE1-24E061508652}
	EndGlobalSection
EndGlobal
