
Microsoft Visual Studio Solution File, Format Version 12.00
# Visual Studio 14
VisualStudioVersion = 14.0.25420.1
MinimumVisualStudioVersion = 10.0.40219.1
Project("{F2A71F9B-5D33-465A-A702-920D77279786}") = "GmTrx", "GmTrx.fsproj", "{15A3E41A-1268-44BE-9C1A-743AA2172D55}"
EndProject
Project("{F2A71F9B-5D33-465A-A702-920D77279786}") = "CpcDataServices", "..\CpcDataServices\CpcDataServices.fsproj", "{BD103410-E702-454C-AE68-17F50A0A4742}"
EndProject
Global
	GlobalSection(SolutionConfigurationPlatforms) = preSolution
		Debug|Any CPU = Debug|Any CPU
		Release|Any CPU = Release|Any CPU
	EndGlobalSection
	GlobalSection(ProjectConfigurationPlatforms) = postSolution
		{15A3E41A-1268-44BE-9C1A-743AA2172D55}.Debug|Any CPU.ActiveCfg = Debug|Any CPU
		{15A3E41A-1268-44BE-9C1A-743AA2172D55}.Debug|Any CPU.Build.0 = Debug|Any CPU
		{15A3E41A-1268-44BE-9C1A-743AA2172D55}.Release|Any CPU.ActiveCfg = Release|Any CPU
		{15A3E41A-1268-44BE-9C1A-743AA2172D55}.Release|Any CPU.Build.0 = Release|Any CPU
		{BD103410-E702-454C-AE68-17F50A0A4742}.Debug|Any CPU.ActiveCfg = Debug|Any CPU
		{BD103410-E702-454C-AE68-17F50A0A4742}.Debug|Any CPU.Build.0 = Debug|Any CPU
		{BD103410-E702-454C-AE68-17F50A0A4742}.Release|Any CPU.ActiveCfg = Release|Any CPU
		{BD103410-E702-454C-AE68-17F50A0A4742}.Release|Any CPU.Build.0 = Release|Any CPU
	EndGlobalSection
	GlobalSection(SolutionProperties) = preSolution
		HideSolutionNode = FALSE
	EndGlobalSection
EndGlobal
