
Microsoft Visual Studio Solution File, Format Version 12.00
# Visual Studio 15
VisualStudioVersion = 15.0.26430.13
MinimumVisualStudioVersion = 10.0.40219.1
Project("{F2A71F9B-5D33-465A-A702-920D77279786}") = "GmFsTests", "GmFsTests.fsproj", "{DC51F359-5194-4C16-BDEA-E16BC48FCB70}"
EndProject
Global
	GlobalSection(SolutionConfigurationPlatforms) = preSolution
		Debug|Any CPU = Debug|Any CPU
		Production|Any CPU = Production|Any CPU
		Release|Any CPU = Release|Any CPU
	EndGlobalSection
	GlobalSection(ProjectConfigurationPlatforms) = postSolution
		{DC51F359-5194-4C16-BDEA-E16BC48FCB70}.Debug|Any CPU.ActiveCfg = Debug|Any CPU
		{DC51F359-5194-4C16-BDEA-E16BC48FCB70}.Debug|Any CPU.Build.0 = Debug|Any CPU
		{DC51F359-5194-4C16-BDEA-E16BC48FCB70}.Production|Any CPU.ActiveCfg = Production|Any CPU
		{DC51F359-5194-4C16-BDEA-E16BC48FCB70}.Production|Any CPU.Build.0 = Production|Any CPU
		{DC51F359-5194-4C16-BDEA-E16BC48FCB70}.Release|Any CPU.ActiveCfg = Release|Any CPU
		{DC51F359-5194-4C16-BDEA-E16BC48FCB70}.Release|Any CPU.Build.0 = Release|Any CPU
	EndGlobalSection
	GlobalSection(SolutionProperties) = preSolution
		HideSolutionNode = FALSE
	EndGlobalSection
EndGlobal
